# Pegasus C++ SDK archive lock file.
# Format: <sha256>  <path-relative-to-sysroot-root>
# Generated by 'make libstdcxx'; verify with 'make verify-cxx-sdk'.
# Do NOT edit hash lines by hand; re-run 'make libstdcxx' to regenerate.
3adfc9976e1dc8543c50de3282fbb82a3886f651f78209d01b87346c451644c0  lib/libstdc++.a
90efb466c1d8b3052abce54a028ef5baa27bd75cf4a858483d886c2d53f984d4  lib/libsupc++.a
026ed1e988a0990ca508fa6d06133f746185c8bcedd4555db89eead6ae57edc2  lib/libgcc.a
